
Microsoft Visual Studio Solution File, Format Version 12.00
# Visual Studio 14
VisualStudioVersion = 14.0.25420.1
MinimumVisualStudioVersion = 10.0.40219.1
Project("{FAE04EC0-301F-11D3-BF4B-00C04F79EFBC}") = "NBK.ECService.WMS.DTO", "..\WMSApi\NBK.ECService.WMS.DTO\NBK.ECService.WMS.DTO.csproj", "{04E6E310-A536-4CF9-B0A6-01A765DBF38C}"
EndProject
Project("{FAE04EC0-301F-11D3-BF4B-00C04F79EFBC}") = "NBK.WMS.Portal", "NBK.WMS.Portal\NBK.WMS.Portal.csproj", "{19241076-D4C3-4B26-88F1-D34BA087F173}"
EndProject
Project("{FAE04EC0-301F-11D3-BF4B-00C04F79EFBC}") = "NBK.ECService.WMS.Utility", "..\WMSApi\NBK.ECService.WMS.Utility\NBK.ECService.WMS.Utility.csproj", "{9302533B-2489-4BF3-9E43-61DCBD361D01}"
EndProject
Global
	GlobalSection(SolutionConfigurationPlatforms) = preSolution
		Debug|Any CPU = Debug|Any CPU
		Release|Any CPU = Release|Any CPU
	EndGlobalSection
	GlobalSection(ProjectConfigurationPlatforms) = postSolution
		{04E6E310-A536-4CF9-B0A6-01A765DBF38C}.Debug|Any CPU.ActiveCfg = Debug|Any CPU
		{04E6E310-A536-4CF9-B0A6-01A765DBF38C}.Debug|Any CPU.Build.0 = Debug|Any CPU
		{04E6E310-A536-4CF9-B0A6-01A765DBF38C}.Release|Any CPU.ActiveCfg = Release|Any CPU
		{04E6E310-A536-4CF9-B0A6-01A765DBF38C}.Release|Any CPU.Build.0 = Release|Any CPU
		{19241076-D4C3-4B26-88F1-D34BA087F173}.Debug|Any CPU.ActiveCfg = Debug|Any CPU
		{19241076-D4C3-4B26-88F1-D34BA087F173}.Debug|Any CPU.Build.0 = Debug|Any CPU
		{19241076-D4C3-4B26-88F1-D34BA087F173}.Release|Any CPU.ActiveCfg = Release|Any CPU
		{19241076-D4C3-4B26-88F1-D34BA087F173}.Release|Any CPU.Build.0 = Release|Any CPU
		{9302533B-2489-4BF3-9E43-61DCBD361D01}.Debug|Any CPU.ActiveCfg = Debug|Any CPU
		{9302533B-2489-4BF3-9E43-61DCBD361D01}.Debug|Any CPU.Build.0 = Debug|Any CPU
		{9302533B-2489-4BF3-9E43-61DCBD361D01}.Release|Any CPU.ActiveCfg = Release|Any CPU
		{9302533B-2489-4BF3-9E43-61DCBD361D01}.Release|Any CPU.Build.0 = Release|Any CPU
	EndGlobalSection
	GlobalSection(SolutionProperties) = preSolution
		HideSolutionNode = FALSE
	EndGlobalSection
EndGlobal
